PODS:
  - BrrmChatFramework (1.0.3)
  - chat_sdk_flutter (0.0.1):
    - BrrmChatFramework
    - Flutter
  - Flutter (1.0.0)
  - integration_test (0.0.1):
    - Flutter

DEPENDENCIES:
  - chat_sdk_flutter (from `.symlinks/plugins/chat_sdk_flutter/ios`)
  - Flutter (from `Flutter`)
  - integration_test (from `.symlinks/plugins/integration_test/ios`)

SPEC REPOS:
  trunk:
    - BrrmChatFramework

EXTERNAL SOURCES:
  chat_sdk_flutter:
    :path: ".symlinks/plugins/chat_sdk_flutter/ios"
  Flutter:
    :path: Flutter
  integration_test:
    :path: ".symlinks/plugins/integration_test/ios"

SPEC CHECKSUMS:
  BrrmChatFramework: 368726b67c9681f3a2d30f01c8abed5bb5a0e73e
  chat_sdk_flutter: 3f693ba050ce173473bd3a4213e852ce74d200a2
  Flutter: e0871f40cf51350855a761d2e70bf5af5b9b5de7
  integration_test: 13825b8a9334a850581300559b8839134b124670

PODFILE CHECKSUM: 819463e6a0290f5a72f145ba7cde16e8b6ef0796

COCOAPODS: 1.15.2
